
Microsoft Visual Studio Solution File, Format Version 12.00
# Visual Studio Version 17
VisualStudioVersion = 17.1.32210.238
MinimumVisualStudioVersion = 10.0.40219.1
Project("{FAE04EC0-301F-11D3-BF4B-00C04F79EFBC}") = "TheGreatestAppEver", "TheGreatestAppEver\TheGreatestAppEver.csproj", "{32CA93B8-1C83-45E1-B181-412E706FA430}"
EndProject
Global
	GlobalSection(SolutionConfigurationPlatforms) = preSolution
		Debug|Any CPU = Debug|Any CPU
		Release|Any CPU = Release|Any CPU
	EndGlobalSection
	GlobalSection(ProjectConfigurationPlatforms) = postSolution
		{32CA93B8-1C83-45E1-B181-412E706FA430}.Debug|Any CPU.ActiveCfg = Debug|Any CPU
		{32CA93B8-1C83-45E1-B181-412E706FA430}.Debug|Any CPU.Build.0 = Debug|Any CPU
		{32CA93B8-1C83-45E1-B181-412E706FA430}.Release|Any CPU.ActiveCfg = Release|Any CPU
		{32CA93B8-1C83-45E1-B181-412E706FA430}.Release|Any CPU.Build.0 = Release|Any CPU
	EndGlobalSection
	GlobalSection(SolutionProperties) = preSolution
		HideSolutionNode = FALSE
	EndGlobalSection
	GlobalSection(ExtensibilityGlobals) = postSolution
		SolutionGuid = {3D5DF512-9B53-48CD-84CC-C1C0E88B77E4}
	EndGlobalSection
EndGlobal
